{
  "version": 4,
  "terraform_version": "1.15.3",
  "serial": 100,
  "lineage": "57215e4e-e039-ff6f-a59e-8dbce2755029",
  "outputs": {
    "alb_dns_name": {
      "value": "acme-prod-alb-1515912374.ap-northeast-2.elb.amazonaws.com",
      "type": "string"
    },
    "asg_name": {
      "value": "acme-prod-web-asg",
      "type": "string"
    },
    "launch_template_id": {
      "value": "lt-0cd318c07c26bbbce",
      "type": "string"
    },
    "private_subnet_id": {
      "value": "subnet-0725a90b7100de97f",
      "type": "string"
    },
    "public_subnet_a_id": {
      "value": "subnet-0bbfa1475ed50a36a",
      "type": "string"
    },
    "public_subnet_b_id": {
      "value": "subnet-0820860e231d8b61c",
      "type": "string"
    },
    "vpc_id": {
      "value": "vpc-0e16c73d0a76d6a6d",
      "type": "string"
    },
    "web_security_group_id": {
      "value": "sg-0ab6c47413db10ec4",
      "type": "string"
    }
  },
  "resources": [
    {
      "mode": "managed",
      "type": "aws_autoscaling_group",
      "name": "web",
      "provider": "provider[\"registry.terraform.io/hashicorp/aws\"]",
      "instances": [
        {
          "schema_version": 1,
          "attributes": {
            "arn": "arn:aws:autoscaling:ap-northeast-2:481665130730:autoScalingGroup:f8d18b74-a219-4d88-95cc-48b93514420e:autoScalingGroupName/acme-prod-web-asg",
            "availability_zone_distribution": [
              {
                "capacity_distribution_strategy": "balanced-best-effort"
              }
            ],
            "availability_zones": [
              "ap-northeast-2a",
              "ap-northeast-2c"
            ],
            "capacity_rebalance": false,
            "capacity_reservation_specification": [
              {
                "capacity_reservation_preference": "default",
                "capacity_reservation_target": []
              }
            ],
            "context": "",
            "default_cooldown": 300,
            "default_instance_warmup": 0,
            "desired_capacity": 2,
            "desired_capacity_type": "",
            "enabled_metrics": null,
            "force_delete": false,
            "force_delete_warm_pool": false,
            "health_check_grace_period": 120,
            "health_check_type": "ELB",
            "id": "acme-prod-web-asg",
            "ignore_failed_scaling_activities": false,
            "initial_lifecycle_hook": [],
            "instance_maintenance_policy": [],
            "instance_refresh": [
              {
                "preferences": [
                  {
                    "alarm_specification": [],
                    "auto_rollback": false,
                    "checkpoint_delay": "",
                    "checkpoint_percentages": null,
                    "instance_warmup": "",
                    "max_healthy_percentage": 100,
                    "min_healthy_percentage": 50,
                    "scale_in_protected_instances": "Ignore",
                    "skip_matching": false,
                    "standby_instances": "Ignore"
                  }
                ],
                "strategy": "Rolling",
                "triggers": null
              }
            ],
            "launch_configuration": "",
            "launch_template": [
              {
                "id": "lt-0cd318c07c26bbbce",
                "name": "acme-prod-web-lt-20260518061243802300000003",
                "version": "$Latest"
              }
            ],
            "load_balancers": [],
            "max_instance_lifetime": 0,
            "max_size": 4,
            "metrics_granularity": "1Minute",
            "min_elb_capacity": null,
            "min_size": 1,
            "mixed_instances_policy": [],
            "name": "acme-prod-web-asg",
            "name_prefix": "",
            "placement_group": "",
            "predicted_capacity": 0,
            "protect_from_scale_in": false,
            "service_linked_role_arn": "arn:aws:iam::481665130730:role/aws-service-role/autoscaling.amazonaws.com/AWSServiceRoleForAutoScaling",
            "suspended_processes": null,
            "tag": [
              {
                "key": "Environment",
                "propagate_at_launch": true,
                "value": "prod"
              },
              {
                "key": "ManagedBy",
                "propagate_at_launch": true,
                "value": "Terraform"
              },
              {
                "key": "Name",
                "propagate_at_launch": false,
                "value": "acme-prod-web-asg"
              },
              {
                "key": "Owner",
                "propagate_at_launch": true,
                "value": "ACME-Team"
              },
              {
                "key": "Project",
                "propagate_at_launch": true,
                "value": "acme"
              }
            ],
            "target_group_arns": [
              "arn:aws:elasticloadbalancing:ap-northeast-2:481665130730:targetgroup/acme-prod-web-tg/92ba0e12045aa06a"
            ],
            "termination_policies": null,
            "timeouts": null,
            "traffic_source": [
              {
                "identifier": "arn:aws:elasticloadbalancing:ap-northeast-2:481665130730:targetgroup/acme-prod-web-tg/92ba0e12045aa06a",
                "type": "elbv2"
              }
            ],
            "vpc_zone_identifier": [
              "subnet-0820860e231d8b61c",
              "subnet-0bbfa1475ed50a36a"
            ],
            "wait_for_capacity_timeout": "10m",
            "wait_for_elb_capacity": null,
            "warm_pool": [],
            "warm_pool_size": 0
          },
          "sensitive_attributes": [],
          "identity_schema_version": 0,
          "private": "eyJlMmJmYjczMC1lY2FhLTExZTYtOGY4OC0zNDM2M2JjN2M0YzAiOnsiZGVsZXRlIjo2MDAwMDAwMDAwMDAsInVwZGF0ZSI6NjAwMDAwMDAwMDAwfSwic2NoZW1hX3ZlcnNpb24iOiIxIn0=",
          "dependencies": [
            "aws_iam_instance_profile.ec2_ssm",
            "aws_iam_role.ec2_ssm",
            "aws_launch_template.web",
            "aws_lb_target_group.web",
            "aws_security_group.alb",
            "aws_security_group.web",
            "aws_subnet.public_a",
            "aws_subnet.public_b",
            "aws_vpc.this"
          ],
          "create_before_destroy": true
        }
      ]
    },
    {
      "mode": "managed",
      "type": "aws_autoscaling_policy",
      "name": "scale_in",
      "provider": "provider[\"registry.terraform.io/hashicorp/aws\"]",
      "instances": [
        {
          "schema_version": 0,
          "attributes": {
            "adjustment_type": "ChangeInCapacity",
            "arn": "arn:aws:autoscaling:ap-northeast-2:481665130730:scalingPolicy:6133bc58-241b-47dd-90f8-a7e43b404c60:autoScalingGroupName/acme-prod-web-asg:policyName/acme-prod-scale-in",
            "autoscaling_group_name": "acme-prod-web-asg",
            "cooldown": 180,
            "enabled": true,
            "estimated_instance_warmup": 0,
            "id": "acme-prod-scale-in",
            "metric_aggregation_type": "",
            "min_adjustment_magnitude": 0,
            "name": "acme-prod-scale-in",
            "policy_type": "SimpleScaling",
            "predictive_scaling_configuration": [],
            "scaling_adjustment": -1,
            "step_adjustment": [],
            "target_tracking_configuration": []
          },
          "sensitive_attributes": [],
          "identity_schema_version": 0,
          "private": "bnVsbA==",
          "dependencies": [
            "aws_autoscaling_group.web",
            "aws_iam_instance_profile.ec2_ssm",
            "aws_iam_role.ec2_ssm",
            "aws_launch_template.web",
            "aws_lb_target_group.web",
            "aws_security_group.alb",
            "aws_security_group.web",
            "aws_subnet.public_a",
            "aws_subnet.public_b",
            "aws_vpc.this"
          ]
        }
      ]
    },
    {
      "mode": "managed",
      "type": "aws_autoscaling_policy",
      "name": "scale_out",
      "provider": "provider[\"registry.terraform.io/hashicorp/aws\"]",
      "instances": [
        {
          "schema_version": 0,
          "attributes": {
            "adjustment_type": "ChangeInCapacity",
            "arn": "arn:aws:autoscaling:ap-northeast-2:481665130730:scalingPolicy:8af4539c-f757-4c36-bfea-fad35bf86e1f:autoScalingGroupName/acme-prod-web-asg:policyName/acme-prod-scale-out",
            "autoscaling_group_name": "acme-prod-web-asg",
            "cooldown": 120,
            "enabled": true,
            "estimated_instance_warmup": 0,
            "id": "acme-prod-scale-out",
            "metric_aggregation_type": "",
            "min_adjustment_magnitude": 0,
            "name": "acme-prod-scale-out",
            "policy_type": "SimpleScaling",
            "predictive_scaling_configuration": [],
            "scaling_adjustment": 1,
            "step_adjustment": [],
            "target_tracking_configuration": []
          },
          "sensitive_attributes": [],
          "identity_schema_version": 0,
          "private": "bnVsbA==",
          "dependencies": [
            "aws_autoscaling_group.web",
            "aws_iam_instance_profile.ec2_ssm",
            "aws_iam_role.ec2_ssm",
            "aws_launch_template.web",
            "aws_lb_target_group.web",
            "aws_security_group.alb",
            "aws_security_group.web",
            "aws_subnet.public_a",
            "aws_subnet.public_b",
            "aws_vpc.this"
          ]
        }
      ]
    },
    {
      "mode": "managed",
      "type": "aws_cloudwatch_metric_alarm",
      "name": "cpu_high",
      "provider": "provider[\"registry.terraform.io/hashicorp/aws\"]",
      "instances": [
        {
          "schema_version": 1,
          "attributes": {
            "actions_enabled": true,
            "alarm_actions": [
              "arn:aws:autoscaling:ap-northeast-2:481665130730:scalingPolicy:8af4539c-f757-4c36-bfea-fad35bf86e1f:autoScalingGroupName/acme-prod-web-asg:policyName/acme-prod-scale-out"
            ],
            "alarm_description": "CPU \u003e 70% → scale out",
            "alarm_name": "acme-prod-cpu-high",
            "arn": "arn:aws:cloudwatch:ap-northeast-2:481665130730:alarm:acme-prod-cpu-high",
            "comparison_operator": "GreaterThanThreshold",
            "datapoints_to_alarm": 0,
            "dimensions": {
              "AutoScalingGroupName": "acme-prod-web-asg"
            },
            "evaluate_low_sample_count_percentiles": "",
            "evaluation_periods": 2,
            "extended_statistic": "",
            "id": "acme-prod-cpu-high",
            "insufficient_data_actions": null,
            "metric_name": "CPUUtilization",
            "metric_query": [],
            "namespace": "AWS/EC2",
            "ok_actions": null,
            "period": 60,
            "statistic": "Average",
            "tags": {
              "Environment": "prod",
              "ManagedBy": "Terraform",
              "Owner": "ACME-Team",
              "Project": "acme"
            },
            "tags_all": {
              "Environment": "prod",
              "ManagedBy": "Terraform",
              "Owner": "ACME-Team",
              "Project": "acme"
            },
            "threshold": 70,
            "threshold_metric_id": "",
            "treat_missing_data": "missing",
            "unit": ""
          },
          "sensitive_attributes": [],
          "identity_schema_version": 0,
          "private": "eyJzY2hlbWFfdmVyc2lvbiI6IjEifQ==",
          "dependencies": [
            "aws_autoscaling_group.web",
            "aws_autoscaling_policy.scale_out",
            "aws_iam_instance_profile.ec2_ssm",
            "aws_iam_role.ec2_ssm",
            "aws_launch_template.web",
            "aws_lb_target_group.web",
            "aws_security_group.alb",
            "aws_security_group.web",
            "aws_subnet.public_a",
            "aws_subnet.public_b",
            "aws_vpc.this"
          ]
        }
      ]
    },
    {
      "mode": "managed",
      "type": "aws_cloudwatch_metric_alarm",
      "name": "cpu_low",
      "provider": "provider[\"registry.terraform.io/hashicorp/aws\"]",
      "instances": [
        {
          "schema_version": 1,
          "attributes": {
            "actions_enabled": true,
            "alarm_actions": [
              "arn:aws:autoscaling:ap-northeast-2:481665130730:scalingPolicy:6133bc58-241b-47dd-90f8-a7e43b404c60:autoScalingGroupName/acme-prod-web-asg:policyName/acme-prod-scale-in"
            ],
            "alarm_description": "CPU \u003c 30% → scale in",
            "alarm_name": "acme-prod-cpu-low",
            "arn": "arn:aws:cloudwatch:ap-northeast-2:481665130730:alarm:acme-prod-cpu-low",
            "comparison_operator": "LessThanThreshold",
            "datapoints_to_alarm": 0,
            "dimensions": {
              "AutoScalingGroupName": "acme-prod-web-asg"
            },
            "evaluate_low_sample_count_percentiles": "",
            "evaluation_periods": 3,
            "extended_statistic": "",
            "id": "acme-prod-cpu-low",
            "insufficient_data_actions": null,
            "metric_name": "CPUUtilization",
            "metric_query": [],
            "namespace": "AWS/EC2",
            "ok_actions": null,
            "period": 60,
            "statistic": "Average",
            "tags": {
              "Environment": "prod",
              "ManagedBy": "Terraform",
              "Owner": "ACME-Team",
              "Project": "acme"
            },
            "tags_all": {
              "Environment": "prod",
              "ManagedBy": "Terraform",
              "Owner": "ACME-Team",
              "Project": "acme"
            },
            "threshold": 30,
            "threshold_metric_id": "",
            "treat_missing_data": "missing",
            "unit": ""
          },
          "sensitive_attributes": [],
          "identity_schema_version": 0,
          "private": "eyJzY2hlbWFfdmVyc2lvbiI6IjEifQ==",
          "dependencies": [
            "aws_autoscaling_group.web",
            "aws_autoscaling_policy.scale_in",
            "aws_iam_instance_profile.ec2_ssm",
            "aws_iam_role.ec2_ssm",
            "aws_launch_template.web",
            "aws_lb_target_group.web",
            "aws_security_group.alb",
            "aws_security_group.web",
            "aws_subnet.public_a",
            "aws_subnet.public_b",
            "aws_vpc.this"
          ]
        }
      ]
    },
    {
      "mode": "managed",
      "type": "aws_iam_instance_profile",
      "name": "ec2_ssm",
      "provider": "provider[\"registry.terraform.io/hashicorp/aws\"]",
      "instances": [
        {
          "schema_version": 0,
          "attributes": {
            "arn": "arn:aws:iam::481665130730:instance-profile/acme-prod-ec2-ssm-profile",
            "create_date": "2026-05-18T06:12:05Z",
            "id": "acme-prod-ec2-ssm-profile",
            "name": "acme-prod-ec2-ssm-profile",
            "name_prefix": "",
            "path": "/",
            "role": "acme-prod-ec2-ssm-role",
            "tags": null,
            "tags_all": {},
            "unique_id": "AIPAXAJL2UDVAX63JZKBZ"
          },
          "sensitive_attributes": [],
          "identity_schema_version": 0,
          "private": "bnVsbA==",
          "dependencies": [
            "aws_iam_role.ec2_ssm"
          ],
          "create_before_destroy": true
        }
      ]
    },
    {
      "mode": "managed",
      "type": "aws_iam_role",
      "name": "ec2_ssm",
      "provider": "provider[\"registry.terraform.io/hashicorp/aws\"]",
      "instances": [
        {
          "schema_version": 0,
          "attributes": {
            "arn": "arn:aws:iam::481665130730:role/acme-prod-ec2-ssm-role",
            "assume_role_policy": "{\"Statement\":[{\"Action\":\"sts:AssumeRole\",\"Effect\":\"Allow\",\"Principal\":{\"Service\":\"ec2.amazonaws.com\"}}],\"Version\":\"2012-10-17\"}",
            "create_date": "2026-05-18T06:12:04Z",
            "description": "",
            "force_detach_policies": false,
            "id": "acme-prod-ec2-ssm-role",
            "inline_policy": [],
            "managed_policy_arns": [],
            "max_session_duration": 3600,
            "name": "acme-prod-ec2-ssm-role",
            "name_prefix": "",
            "path": "/",
            "permissions_boundary": "",
            "tags": {
              "Environment": "prod",
              "ManagedBy": "Terraform",
              "Name": "acme-prod-ec2-ssm-role",
              "Owner": "ACME-Team",
              "Project": "acme"
            },
            "tags_all": {
              "Environment": "prod",
              "ManagedBy": "Terraform",
              "Name": "acme-prod-ec2-ssm-role",
              "Owner": "ACME-Team",
              "Project": "acme"
            },
            "unique_id": "AROAXAJL2UDVKUDM7SRK5"
          },
          "sensitive_attributes": [],
          "identity_schema_version": 0,
          "private": "bnVsbA==",
          "create_before_destroy": true
        }
      ]
    },
    {
      "mode": "managed",
      "type": "aws_iam_role_policy_attachment",
      "name": "ssm",
      "provider": "provider[\"registry.terraform.io/hashicorp/aws\"]",
      "instances": [
        {
          "schema_version": 0,
          "attributes": {
            "id": "acme-prod-ec2-ssm-role-20260518061228898300000001",
            "policy_arn": "arn:aws:iam::aws:policy/AmazonSSMManagedInstanceCore",
            "role": "acme-prod-ec2-ssm-role"
          },
          "sensitive_attributes": [],
          "identity_schema_version": 0,
          "private": "bnVsbA==",
          "dependencies": [
            "aws_iam_role.ec2_ssm"
          ]
        }
      ]
    },
    {
      "mode": "managed",
      "type": "aws_internet_gateway",
      "name": "this",
      "provider": "provider[\"registry.terraform.io/hashicorp/aws\"]",
      "instances": [
        {
          "schema_version": 0,
          "attributes": {
            "arn": "arn:aws:ec2:ap-northeast-2:481665130730:internet-gateway/igw-03fb5a6b22e9623ce",
            "id": "igw-03fb5a6b22e9623ce",
            "owner_id": "481665130730",
            "tags": {
              "Environment": "prod",
              "ManagedBy": "Terraform",
              "Name": "acme-prod-igw",
              "Owner": "ACME-Team",
              "Project": "acme"
            },
            "tags_all": {
              "Environment": "prod",
              "ManagedBy": "Terraform",
              "Name": "acme-prod-igw",
              "Owner": "ACME-Team",
              "Project": "acme"
            },
            "timeouts": null,
            "vpc_id": "vpc-0e16c73d0a76d6a6d"
          },
          "sensitive_attributes": [],
          "identity_schema_version": 0,
          "private": "eyJlMmJmYjczMC1lY2FhLTExZTYtOGY4OC0zNDM2M2JjN2M0YzAiOnsiY3JlYXRlIjoxMjAwMDAwMDAwMDAwLCJkZWxldGUiOjEyMDAwMDAwMDAwMDAsInVwZGF0ZSI6MTIwMDAwMDAwMDAwMH19",
          "dependencies": [
            "aws_vpc.this"
          ]
        }
      ]
    },
    {
      "mode": "managed",
      "type": "aws_launch_template",
      "name": "web",
      "provider": "provider[\"registry.terraform.io/hashicorp/aws\"]",
      "instances": [
        {
          "schema_version": 0,
          "attributes": {
            "arn": "arn:aws:ec2:ap-northeast-2:481665130730:launch-template/lt-0cd318c07c26bbbce",
            "block_device_mappings": [
              {
                "device_name": "/dev/sda1",
                "ebs": [
                  {
                    "delete_on_termination": "true",
                    "encrypted": "true",
                    "iops": 0,
                    "kms_key_id": "",
                    "snapshot_id": "",
                    "throughput": 0,
                    "volume_initialization_rate": 0,
                    "volume_size": 20,
                    "volume_type": "gp3"
                  }
                ],
                "no_device": "",
                "virtual_name": ""
              }
            ],
            "capacity_reservation_specification": [],
            "cpu_options": [],
            "credit_specification": [],
            "default_version": 1,
            "description": "",
            "disable_api_stop": false,
            "disable_api_termination": false,
            "ebs_optimized": "",
            "elastic_gpu_specifications": [],
            "elastic_inference_accelerator": [],
            "enclave_options": [],
            "hibernation_options": [],
            "iam_instance_profile": [
              {
                "arn": "",
                "name": "acme-prod-ec2-ssm-profile"
              }
            ],
            "id": "lt-0cd318c07c26bbbce",
            "image_id": "ami-042e76978adeb8c48",
            "instance_initiated_shutdown_behavior": "",
            "instance_market_options": [],
            "instance_requirements": [],
            "instance_type": "t3.medium",
            "kernel_id": "",
            "key_name": "",
            "latest_version": 1,
            "license_specification": [],
            "maintenance_options": [],
            "metadata_options": [],
            "monitoring": [],
            "name": "acme-prod-web-lt-20260518061243802300000003",
            "name_prefix": "acme-prod-web-lt-",
            "network_interfaces": [
              {
                "associate_carrier_ip_address": "",
                "associate_public_ip_address": "true",
                "connection_tracking_specification": [],
                "delete_on_termination": "",
                "description": "",
                "device_index": 0,
                "ena_srd_specification": [],
                "interface_type": "",
                "ipv4_address_count": 0,
                "ipv4_addresses": null,
                "ipv4_prefix_count": 0,
                "ipv4_prefixes": null,
                "ipv6_address_count": 0,
                "ipv6_addresses": null,
                "ipv6_prefix_count": 0,
                "ipv6_prefixes": null,
                "network_card_index": 0,
                "network_interface_id": "",
                "primary_ipv6": "",
                "private_ip_address": "",
                "security_groups": [
                  "sg-0ab6c47413db10ec4"
                ],
                "subnet_id": ""
              }
            ],
            "placement": [],
            "private_dns_name_options": [],
            "ram_disk_id": "",
            "security_group_names": null,
            "tag_specifications": [
              {
                "resource_type": "instance",
                "tags": {
                  "Environment": "prod",
                  "ManagedBy": "Terraform",
                  "Name": "acme-prod-web-server",
                  "Owner": "ACME-Team",
                  "Project": "acme",
                  "Role": "WebServer"
                }
              }
            ],
            "tags": null,
            "tags_all": {},
            "update_default_version": null,
            "user_data": "IyEvYmluL2Jhc2gKc2V0IC1ldW8gcGlwZWZhaWwKZXhlYyA+IC92YXIvbG9nL3VzZXItZGF0YS5sb2cgMj4mMQoKIyDilIDilIAgMS4g7Iuc7Iqk7YWcIOyXheuNsOydtO2KuCDilIDilIDilIDilIDilIDilIDilIDilIDilIDilIDilIDilIDilIDilIDilIDilIDilIDilIDilIDilIDilIDilIDilIDilIDilIDilIDilIDilIDilIDilIDilIDilIDilIDilIDilIDilIDilIDilIDilIDilIDilIDilIDilIDilIDilIDilIDilIDilIDilIDilIDilIDilIDilIDilIDilIDilIAKZXhwb3J0IERFQklBTl9GUk9OVEVORD1ub25pbnRlcmFjdGl2ZQphcHQtZ2V0IHVwZGF0ZSAteQphcHQtZ2V0IGluc3RhbGwgLXkgZ2l0IGN1cmwKCiMg4pSA4pSAIDIuIE5vZGUuanMgMjAgTFRTIOyEpOy5mCDilIDilIDilIDilIDilIDilIDilIDilIDilIDilIDilIDilIDilIDilIDilIDilIDilIDilIDilIDilIDilIDilIDilIDilIDilIDilIDilIDilIDilIDilIDilIDilIDilIDilIDilIDilIDilIDilIDilIDilIDilIDilIDilIDilIDilIDilIDilIDilIDilIDilIDilIAKY3VybCAtZnNTTCBodHRwczovL2RlYi5ub2Rlc291cmNlLmNvbS9zZXR1cF8yMC54IHwgYmFzaCAtCmFwdC1nZXQgaW5zdGFsbCAteSBub2RlanMKCiMg4pSA4pSAIDMuIFBNMiDshKTsuZgg4pSA4pSA4pSA4pSA4pSA4pSA4pSA4pSA4pSA4pSA4pSA4pSA4pSA4pSA4pSA4pSA4pSA4pSA4pSA4pSA4pSA4pSA4pSA4pSA4pSA4pSA4pSA4pSA4pSA4pSA4pSA4pSA4pSA4pSA4pSA4pSA4pSA4pSA4pSA4pSA4pSA4pSA4pSA4pSA4pSA4pSA4pSA4pSA4pSA4pSA4pSA4pSA4pSA4pSA4pSA4pSA4pSA4pSA4pSA4pSA4pSA4pSACm5wbSBpbnN0YWxsIC1nIHBtMgoKIyDilIDilIAgNC4g7JWxIOyGjOyKpCDrsLDsuZgg4pSA4pSA4pSA4pSA4pSA4pSA4pSA4pSA4pSA4pSA4pSA4pSA4pSA4pSA4pSA4pSA4pSA4pSA4pSA4pSA4pSA4pSA4pSA4pSA4pSA4pSA4pSA4pSA4pSA4pSA4pSA4pSA4pSA4pSA4pSA4pSA4pSA4pSA4pSA4pSA4pSA4pSA4pSA4pSA4pSA4pSA4pSA4pSA4pSA4pSA4pSA4pSA4pSA4pSA4pSA4pSA4pSA4pSACkFQUF9ESVI9Ii9vcHQvYXBwIgpta2RpciAtcCAiJEFQUF9ESVIiCgpta2RpciAtcCAiJEFQUF9ESVIvcHVibGljIgoKY2F0ID4gIiRBUFBfRElSL3BhY2thZ2UuanNvbiIgPDwgJ1BLR0pTT04nCnsKICAibmFtZSI6ICJhY21lLXN0b3JlIiwKICAidmVyc2lvbiI6ICIxLjAuMCIsCiAgIm1haW4iOiAic2VydmVyLmpzIiwKICAic2NyaXB0cyI6IHsgInN0YXJ0IjogIm5vZGUgc2VydmVyLmpzIiB9LAogICJkZXBlbmRlbmNpZXMiOiB7CiAgICAiZXhwcmVzcyI6ICJeNC4xOC4yIiwKICAgICJ1dWlkIjogIl45LjAuMCIKICB9Cn0KUEtHSlNPTgoKY2F0ID4gIiRBUFBfRElSL2RiLmpzIiA8PCAnREJKUycKJ3VzZSBzdHJpY3QnOwpjb25zdCBmcyAgID0gcmVxdWlyZSgnZnMnKTsKY29uc3QgcGF0aCA9IHJlcXVpcmUoJ3BhdGgnKTsKY29uc3QgREJfRklMRSA9IHBhdGguam9pbihfX2Rpcm5hbWUsICdvcmRlcnMuanNvbicpOwpmdW5jdGlvbiBfcmVhZEFsbCgpIHsKICBpZiAoIWZzLmV4aXN0c1N5bmMoREJfRklMRSkpIHJldHVybiBbXTsKICB0cnkgeyByZXR1cm4gSlNPTi5wYXJzZShmcy5yZWFkRmlsZVN5bmMoREJfRklMRSwgJ3V0ZjgnKSk7IH0gY2F0Y2ggeyByZXR1cm4gW107IH0KfQpmdW5jdGlvbiBfd3JpdGVBbGwob3JkZXJzKSB7IGZzLndyaXRlRmlsZVN5bmMoREJfRklMRSwgSlNPTi5zdHJpbmdpZnkob3JkZXJzLCBudWxsLCAyKSwgJ3V0ZjgnKTsgfQphc3luYyBmdW5jdGlvbiBzYXZlT3JkZXIob3JkZXJEYXRhKSB7IGNvbnN0IG8gPSBfcmVhZEFsbCgpOyBvLnB1c2gob3JkZXJEYXRhKTsgX3dyaXRlQWxsKG8pOyByZXR1cm4geyBvcmRlcklkOiBvcmRlckRhdGEub3JkZXJJZCB9OyB9CmFzeW5jIGZ1bmN0aW9uIGdldE9yZGVycygpIHsgcmV0dXJuIF9yZWFkQWxsKCk7IH0KbW9kdWxlLmV4cG9ydHMgPSB7IHNhdmVPcmRlciwgZ2V0T3JkZXJzIH07CkRCSlMKCmNhdCA+ICIkQVBQX0RJUi9zZXJ2ZXIuanMiIDw8ICdTRVJWRVJKUycKJ3VzZSBzdHJpY3QnOwpjb25zdCBleHByZXNzID0gcmVxdWlyZSgnZXhwcmVzcycpOwpjb25zdCBwYXRoICAgID0gcmVxdWlyZSgncGF0aCcpOwpjb25zdCB7IHY0OiB1dWlkdjQgfSA9IHJlcXVpcmUoJ3V1aWQnKTsKY29uc3QgZGIgICAgICA9IHJlcXVpcmUoJy4vZGInKTsKY29uc3QgYXBwICAgICA9IGV4cHJlc3MoKTsKY29uc3QgUE9SVCAgICA9IHByb2Nlc3MuZW52LlBPUlQgfHwgMzAwMTsKCmZ1bmN0aW9uIGxvZyhsZXZlbCwgZXZlbnQsIG1ldGEgPSB7fSkgewogIGNvbnNvbGUubG9nKEpTT04uc3RyaW5naWZ5KHsgdGltZXN0YW1wOiBuZXcgRGF0ZSgpLnRvSVNPU3RyaW5nKCksIGxldmVsLCBldmVudCwgLi4ubWV0YSB9KSk7Cn0KCmFwcC51c2UoZXhwcmVzcy5qc29uKCkpOwphcHAudXNlKGV4cHJlc3Muc3RhdGljKHBhdGguam9pbihfX2Rpcm5hbWUsICdwdWJsaWMnKSkpOwoKYXBwLnVzZSgocmVxLCBfcmVzLCBuZXh0KSA9PiB7CiAgbG9nKCdJTkZPJywgJ2h0dHBfcmVxdWVzdCcsIHsgbWV0aG9kOiByZXEubWV0aG9kLCBwYXRoOiByZXEucGF0aCwgaXA6IHJlcS5oZWFkZXJzWyd4LWZvcndhcmRlZC1mb3InXSB8fCByZXEuc29ja2V0LnJlbW90ZUFkZHJlc3MgfSk7CiAgbmV4dCgpOwp9KTsKCmNvbnN0IFBST0RVQ1RTID0gWwogIHsgaWQ6ICdwcm9kLTAwMScsIG5hbWU6ICdXaXJlbGVzcyBLZXlib2FyZCcsIHByaWNlOiA0OS45OSB9LAogIHsgaWQ6ICdwcm9kLTAwMicsIG5hbWU6ICdFcmdvbm9taWMgTW91c2UnLCAgICBwcmljZTogMzQuOTkgfSwKICB7IGlkOiAncHJvZC0wMDMnLCBuYW1lOiAnVVNCLUMgSHViICg3LWluLTEpJywgcHJpY2U6IDI5Ljk5IH0sCiAgeyBpZDogJ3Byb2QtMDA0JywgbmFtZTogJzI3IiBNb25pdG9yIFN0YW5kJywgIHByaWNlOiA1OS45OSB9LApdOwoKYXBwLmdldCgnLycsICAgICAgICAgICAgIChfcmVxLCByZXMpID0+IHJlcy5zZW5kRmlsZShwYXRoLmpvaW4oX19kaXJuYW1lLCAncHVibGljJywgJ2luZGV4Lmh0bWwnKSkpOwphcHAuZ2V0KCcvYXBpL3Byb2R1Y3RzJywgKF9yZXEsIHJlcykgPT4geyBsb2coJ0lORk8nLCdkYl9yZWFkJyx7dGFibGU6J3Byb2R1Y3RzJ30pOyByZXMuanNvbihQUk9EVUNUUyk7IH0pOwphcHAucG9zdCgnL2FwaS9vcmRlcnMnLCBhc3luYyAocmVxLCByZXMpID0+IHsKICBjb25zdCB7IHByb2R1Y3RJZCwgcXVhbnRpdHkgfSA9IHJlcS5ib2R5OwogIGNvbnN0IHByb2R1Y3QgPSBQUk9EVUNUUy5maW5kKHAgPT4gcC5pZCA9PT0gcHJvZHVjdElkKTsKICBpZiAoIXByb2R1Y3QpIHJldHVybiByZXMuc3RhdHVzKDQwNCkuanNvbih7IHN1Y2Nlc3M6IGZhbHNlLCBtZXNzYWdlOiAnUHJvZHVjdCBub3QgZm91bmQuJyB9KTsKICBjb25zdCBvcmRlckRhdGEgPSB7IG9yZGVySWQ6IHV1aWR2NCgpLCBwcm9kdWN0SWQsIHByb2R1Y3ROYW1lOiBwcm9kdWN0Lm5hbWUsIHF1YW50aXR5OiBOdW1iZXIocXVhbnRpdHkpLCB0b3RhbFByaWNlOiArKHByb2R1Y3QucHJpY2UgKiBxdWFudGl0eSkudG9GaXhlZCgyKSwgY3JlYXRlZEF0OiBuZXcgRGF0ZSgpLnRvSVNPU3RyaW5nKCkgfTsKICBhd2FpdCBkYi5zYXZlT3JkZXIob3JkZXJEYXRhKTsKICBsb2coJ0lORk8nLCAnb3JkZXJfY3JlYXRlZCcsIHsgb3JkZXJJZDogb3JkZXJEYXRhLm9yZGVySWQgfSk7CiAgcmVzLnN0YXR1cygyMDEpLmpzb24oeyBzdWNjZXNzOiB0cnVlLCBvcmRlcklkOiBvcmRlckRhdGEub3JkZXJJZCwgdG90YWw6IG9yZGVyRGF0YS50b3RhbFByaWNlIH0pOwp9KTsKYXBwLnVzZSgoX3JlcSwgcmVzKSA9PiByZXMuc3RhdHVzKDQwNCkuanNvbih7IHN1Y2Nlc3M6IGZhbHNlLCBtZXNzYWdlOiAnUm91dGUgbm90IGZvdW5kLicgfSkpOwphcHAubGlzdGVuKFBPUlQsICgpID0+IGxvZygnSU5GTycsICdzZXJ2ZXJfc3RhcnQnLCB7IHBvcnQ6IFBPUlQgfSkpOwpTRVJWRVJKUwoKY2F0ID4gIiRBUFBfRElSL3B1YmxpYy9pbmRleC5odG1sIiA8PCAnSU5ERVhIVE1MJwo8IURPQ1RZUEUgaHRtbD48aHRtbCBsYW5nPSJlbiI+PGhlYWQ+PG1ldGEgY2hhcnNldD0iVVRGLTgiPjx0aXRsZT5BQ01FIFN0b3JlPC90aXRsZT48L2hlYWQ+Cjxib2R5PjxoMT5BQ01FIFN0b3JlPC9oMT48ZGl2IGlkPSJwcm9kdWN0cyI+PC9kaXY+CjxzY3JpcHQ+CmZldGNoKCcvYXBpL3Byb2R1Y3RzJykudGhlbihyPT5yLmpzb24oKSkudGhlbihwcm9kdWN0cz0+ewogIGRvY3VtZW50LmdldEVsZW1lbnRCeUlkKCdwcm9kdWN0cycpLmlubmVySFRNTCA9IHByb2R1Y3RzLm1hcChwPT4KICAgICc8ZGl2PjxiPicgKyBwLm5hbWUgKyAnPC9iPiAkJyArIHAucHJpY2UgKwogICAgJyA8YnV0dG9uIG9uY2xpY2s9ImJ1eShcJycgKyBwLmlkICsgJ1wnKSI+QnV5IE5vdzwvYnV0dG9uPjwvZGl2PicKICApLmpvaW4oJycpOwp9KTsKZnVuY3Rpb24gYnV5KGlkKXsKICBmZXRjaCgnL2FwaS9vcmRlcnMnLHttZXRob2Q6J1BPU1QnLGhlYWRlcnM6eydDb250ZW50LVR5cGUnOidhcHBsaWNhdGlvbi9qc29uJ30sYm9keTpKU09OLnN0cmluZ2lmeSh7cHJvZHVjdElkOmlkLHF1YW50aXR5OjF9KX0pCiAgICAudGhlbihyPT5yLmpzb24oKSkudGhlbihkPT5hbGVydCgnT3JkZXI6ICcrZC5vcmRlcklkKSk7Cn0KPC9zY3JpcHQ+PC9ib2R5PjwvaHRtbD4KSU5ERVhIVE1MCgpjZCAiJEFQUF9ESVIiCgojIOKUgOKUgCA1LiDsnZjsobTshLEg7ISk7LmYIOKUgOKUgOKUgOKUgOKUgOKUgOKUgOKUgOKUgOKUgOKUgOKUgOKUgOKUgOKUgOKUgOKUgOKUgOKUgOKUgOKUgOKUgOKUgOKUgOKUgOKUgOKUgOKUgOKUgOKUgOKUgOKUgOKUgOKUgOKUgOKUgOKUgOKUgOKUgOKUgOKUgOKUgOKUgOKUgOKUgOKUgOKUgOKUgOKUgOKUgOKUgOKUgOKUgOKUgOKUgOKUgOKUgOKUgOKUgOKUgApucG0gaW5zdGFsbCAtLW9taXQ9ZGV2CgojIOKUgOKUgCA2LiBQTTLroZwg7JWxIOyLnOyekSAmIOyerOu2gO2MhSDsi5wg7J6Q64+ZIOyLpO2WiSDilIDilIDilIDilIDilIDilIDilIDilIDilIDilIDilIDilIDilIDilIDilIDilIDilIDilIDilIDilIDilIDilIDilIDilIDilIDilIDilIDilIDilIDilIDilIDilIDilIDilIDilIAKUE9SVD0zMDAxIHBtMiBzdGFydCBzZXJ2ZXIuanMgLS1uYW1lIGFjbWUtc3RvcmUKcG0yIHN0YXJ0dXAgc3lzdGVtZCAtdSByb290IC0taHAgL3Jvb3QKcG0yIHNhdmUKCmVjaG8gIkRlcGxveW1lbnQgY29tcGxldGUg4oCUIHBvcnQgMzAwMSIK",
            "vpc_security_group_ids": null
          },
          "sensitive_attributes": [],
          "identity_schema_version": 0,
          "private": "bnVsbA==",
          "dependencies": [
            "aws_iam_instance_profile.ec2_ssm",
            "aws_iam_role.ec2_ssm",
            "aws_security_group.alb",
            "aws_security_group.web",
            "aws_vpc.this"
          ],
          "create_before_destroy": true
        }
      ]
    },
    {
      "mode": "managed",
      "type": "aws_lb",
      "name": "this",
      "provider": "provider[\"registry.terraform.io/hashicorp/aws\"]",
      "instances": [
        {
          "schema_version": 0,
          "attributes": {
            "access_logs": [
              {
                "bucket": "",
                "enabled": false,
                "prefix": ""
              }
            ],
            "arn": "arn:aws:elasticloadbalancing:ap-northeast-2:481665130730:loadbalancer/app/acme-prod-alb/7f242681c3237cc9",
            "arn_suffix": "app/acme-prod-alb/7f242681c3237cc9",
            "client_keep_alive": 3600,
            "connection_logs": [
              {
                "bucket": "",
                "enabled": false,
                "prefix": ""
              }
            ],
            "customer_owned_ipv4_pool": "",
            "desync_mitigation_mode": "defensive",
            "dns_name": "acme-prod-alb-1515912374.ap-northeast-2.elb.amazonaws.com",
            "dns_record_client_routing_policy": null,
            "drop_invalid_header_fields": false,
            "enable_cross_zone_load_balancing": true,
            "enable_deletion_protection": false,
            "enable_http2": true,
            "enable_tls_version_and_cipher_suite_headers": false,
            "enable_waf_fail_open": false,
            "enable_xff_client_port": false,
            "enable_zonal_shift": false,
            "enforce_security_group_inbound_rules_on_private_link_traffic": "",
            "id": "arn:aws:elasticloadbalancing:ap-northeast-2:481665130730:loadbalancer/app/acme-prod-alb/7f242681c3237cc9",
            "idle_timeout": 60,
            "internal": false,
            "ip_address_type": "ipv4",
            "ipam_pools": [],
            "load_balancer_type": "application",
            "minimum_load_balancer_capacity": [],
            "name": "acme-prod-alb",
            "name_prefix": "",
            "preserve_host_header": false,
            "security_groups": [
              "sg-0e22fb78566e6864a"
            ],
            "subnet_mapping": [
              {
                "allocation_id": "",
                "ipv6_address": "",
                "outpost_id": "",
                "private_ipv4_address": "",
                "subnet_id": "subnet-0820860e231d8b61c"
              },
              {
                "allocation_id": "",
                "ipv6_address": "",
                "outpost_id": "",
                "private_ipv4_address": "",
                "subnet_id": "subnet-0bbfa1475ed50a36a"
              }
            ],
            "subnets": [
              "subnet-0820860e231d8b61c",
              "subnet-0bbfa1475ed50a36a"
            ],
            "tags": {
              "Environment": "prod",
              "ManagedBy": "Terraform",
              "Name": "acme-prod-alb",
              "Owner": "ACME-Team",
              "Project": "acme"
            },
            "tags_all": {
              "Environment": "prod",
              "ManagedBy": "Terraform",
              "Name": "acme-prod-alb",
              "Owner": "ACME-Team",
              "Project": "acme"
            },
            "timeouts": null,
            "vpc_id": "vpc-0e16c73d0a76d6a6d",
            "xff_header_processing_mode": "append",
            "zone_id": "ZWKZPGTI48KDX"
          },
          "sensitive_attributes": [],
          "identity_schema_version": 0,
          "private": "eyJlMmJmYjczMC1lY2FhLTExZTYtOGY4OC0zNDM2M2JjN2M0YzAiOnsiY3JlYXRlIjo2MDAwMDAwMDAwMDAsImRlbGV0ZSI6NjAwMDAwMDAwMDAwLCJ1cGRhdGUiOjYwMDAwMDAwMDAwMH19",
          "dependencies": [
            "aws_security_group.alb",
            "aws_subnet.public_a",
            "aws_subnet.public_b",
            "aws_vpc.this"
          ]
        }
      ]
    },
    {
      "mode": "managed",
      "type": "aws_lb_listener",
      "name": "http",
      "provider": "provider[\"registry.terraform.io/hashicorp/aws\"]",
      "instances": [
        {
          "schema_version": 0,
          "attributes": {
            "alpn_policy": null,
            "arn": "arn:aws:elasticloadbalancing:ap-northeast-2:481665130730:listener/app/acme-prod-alb/7f242681c3237cc9/f7107354286d7645",
            "certificate_arn": null,
            "default_action": [
              {
                "authenticate_cognito": [],
                "authenticate_oidc": [],
                "fixed_response": [],
                "forward": [],
                "order": 1,
                "redirect": [],
                "target_group_arn": "arn:aws:elasticloadbalancing:ap-northeast-2:481665130730:targetgroup/acme-prod-web-tg/92ba0e12045aa06a",
                "type": "forward"
              }
            ],
            "id": "arn:aws:elasticloadbalancing:ap-northeast-2:481665130730:listener/app/acme-prod-alb/7f242681c3237cc9/f7107354286d7645",
            "load_balancer_arn": "arn:aws:elasticloadbalancing:ap-northeast-2:481665130730:loadbalancer/app/acme-prod-alb/7f242681c3237cc9",
            "mutual_authentication": [],
            "port": 80,
            "protocol": "HTTP",
            "routing_http_request_x_amzn_mtls_clientcert_header_name": null,
            "routing_http_request_x_amzn_mtls_clientcert_issuer_header_name": null,
            "routing_http_request_x_amzn_mtls_clientcert_leaf_header_name": null,
            "routing_http_request_x_amzn_mtls_clientcert_serial_number_header_name": null,
            "routing_http_request_x_amzn_mtls_clientcert_subject_header_name": null,
            "routing_http_request_x_amzn_mtls_clientcert_validity_header_name": null,
            "routing_http_request_x_amzn_tls_cipher_suite_header_name": null,
            "routing_http_request_x_amzn_tls_version_header_name": null,
            "routing_http_response_access_control_allow_credentials_header_value": "",
            "routing_http_response_access_control_allow_headers_header_value": "",
            "routing_http_response_access_control_allow_methods_header_value": "",
            "routing_http_response_access_control_allow_origin_header_value": "",
            "routing_http_response_access_control_expose_headers_header_value": "",
            "routing_http_response_access_control_max_age_header_value": "",
            "routing_http_response_content_security_policy_header_value": "",
            "routing_http_response_server_enabled": true,
            "routing_http_response_strict_transport_security_header_value": "",
            "routing_http_response_x_content_type_options_header_value": "",
            "routing_http_response_x_frame_options_header_value": "",
            "ssl_policy": "",
            "tags": {
              "Environment": "prod",
              "ManagedBy": "Terraform",
              "Name": "acme-prod-http-listener",
              "Owner": "ACME-Team",
              "Project": "acme"
            },
            "tags_all": {
              "Environment": "prod",
              "ManagedBy": "Terraform",
              "Name": "acme-prod-http-listener",
              "Owner": "ACME-Team",
              "Project": "acme"
            },
            "tcp_idle_timeout_seconds": null,
            "timeouts": null
          },
          "sensitive_attributes": [],
          "identity_schema_version": 0,
          "private": "eyJlMmJmYjczMC1lY2FhLTExZTYtOGY4OC0zNDM2M2JjN2M0YzAiOnsiY3JlYXRlIjozMDAwMDAwMDAwMDAsInVwZGF0ZSI6MzAwMDAwMDAwMDAwfX0=",
          "dependencies": [
            "aws_lb.this",
            "aws_lb_target_group.web",
            "aws_security_group.alb",
            "aws_subnet.public_a",
            "aws_subnet.public_b",
            "aws_vpc.this"
          ]
        }
      ]
    },
    {
      "mode": "managed",
      "type": "aws_lb_target_group",
      "name": "web",
      "provider": "provider[\"registry.terraform.io/hashicorp/aws\"]",
      "instances": [
        {
          "schema_version": 0,
          "attributes": {
            "arn": "arn:aws:elasticloadbalancing:ap-northeast-2:481665130730:targetgroup/acme-prod-web-tg/92ba0e12045aa06a",
            "arn_suffix": "targetgroup/acme-prod-web-tg/92ba0e12045aa06a",
            "connection_termination": null,
            "deregistration_delay": "300",
            "health_check": [
              {
                "enabled": true,
                "healthy_threshold": 3,
                "interval": 30,
                "matcher": "200-299",
                "path": "/",
                "port": "traffic-port",
                "protocol": "HTTP",
                "timeout": 5,
                "unhealthy_threshold": 3
              }
            ],
            "id": "arn:aws:elasticloadbalancing:ap-northeast-2:481665130730:targetgroup/acme-prod-web-tg/92ba0e12045aa06a",
            "ip_address_type": "ipv4",
            "lambda_multi_value_headers_enabled": false,
            "load_balancer_arns": [],
            "load_balancing_algorithm_type": "round_robin",
            "load_balancing_anomaly_mitigation": "off",
            "load_balancing_cross_zone_enabled": "use_load_balancer_configuration",
            "name": "acme-prod-web-tg",
            "name_prefix": "",
            "port": 3001,
            "preserve_client_ip": null,
            "protocol": "HTTP",
            "protocol_version": "HTTP1",
            "proxy_protocol_v2": false,
            "slow_start": 0,
            "stickiness": [
              {
                "cookie_duration": 86400,
                "cookie_name": "",
                "enabled": false,
                "type": "lb_cookie"
              }
            ],
            "tags": {
              "Environment": "prod",
              "ManagedBy": "Terraform",
              "Name": "acme-prod-web-tg",
              "Owner": "ACME-Team",
              "Project": "acme"
            },
            "tags_all": {
              "Environment": "prod",
              "ManagedBy": "Terraform",
              "Name": "acme-prod-web-tg",
              "Owner": "ACME-Team",
              "Project": "acme"
            },
            "target_failover": [
              {
                "on_deregistration": null,
                "on_unhealthy": null
              }
            ],
            "target_group_health": [
              {
                "dns_failover": [
                  {
                    "minimum_healthy_targets_count": "1",
                    "minimum_healthy_targets_percentage": "off"
                  }
                ],
                "unhealthy_state_routing": [
                  {
                    "minimum_healthy_targets_count": 1,
                    "minimum_healthy_targets_percentage": "off"
                  }
                ]
              }
            ],
            "target_health_state": [
              {
                "enable_unhealthy_connection_termination": null,
                "unhealthy_draining_interval": null
              }
            ],
            "target_type": "instance",
            "vpc_id": "vpc-0e16c73d0a76d6a6d"
          },
          "sensitive_attributes": [],
          "identity_schema_version": 0,
          "private": "bnVsbA==",
          "dependencies": [
            "aws_vpc.this"
          ],
          "create_before_destroy": true
        }
      ]
    },
    {
      "mode": "managed",
      "type": "aws_route_table",
      "name": "public",
      "provider": "provider[\"registry.terraform.io/hashicorp/aws\"]",
      "instances": [
        {
          "schema_version": 0,
          "attributes": {
            "arn": "arn:aws:ec2:ap-northeast-2:481665130730:route-table/rtb-052cfe63b549b6e5f",
            "id": "rtb-052cfe63b549b6e5f",
            "owner_id": "481665130730",
            "propagating_vgws": [],
            "route": [
              {
                "carrier_gateway_id": "",
                "cidr_block": "0.0.0.0/0",
                "core_network_arn": "",
                "destination_prefix_list_id": "",
                "egress_only_gateway_id": "",
                "gateway_id": "igw-03fb5a6b22e9623ce",
                "ipv6_cidr_block": "",
                "local_gateway_id": "",
                "nat_gateway_id": "",
                "network_interface_id": "",
                "transit_gateway_id": "",
                "vpc_endpoint_id": "",
                "vpc_peering_connection_id": ""
              }
            ],
            "tags": {
              "Environment": "prod",
              "ManagedBy": "Terraform",
              "Name": "acme-prod-public-rt",
              "Owner": "ACME-Team",
              "Project": "acme"
            },
            "tags_all": {
              "Environment": "prod",
              "ManagedBy": "Terraform",
              "Name": "acme-prod-public-rt",
              "Owner": "ACME-Team",
              "Project": "acme"
            },
            "timeouts": null,
            "vpc_id": "vpc-0e16c73d0a76d6a6d"
          },
          "sensitive_attributes": [],
          "identity_schema_version": 0,
          "private": "eyJlMmJmYjczMC1lY2FhLTExZTYtOGY4OC0zNDM2M2JjN2M0YzAiOnsiY3JlYXRlIjozMDAwMDAwMDAwMDAsImRlbGV0ZSI6MzAwMDAwMDAwMDAwLCJ1cGRhdGUiOjEyMDAwMDAwMDAwMH19",
          "dependencies": [
            "aws_internet_gateway.this",
            "aws_vpc.this"
          ]
        }
      ]
    },
    {
      "mode": "managed",
      "type": "aws_route_table_association",
      "name": "public_a",
      "provider": "provider[\"registry.terraform.io/hashicorp/aws\"]",
      "instances": [
        {
          "schema_version": 0,
          "attributes": {
            "gateway_id": "",
            "id": "rtbassoc-09eb353318bf4d81b",
            "route_table_id": "rtb-052cfe63b549b6e5f",
            "subnet_id": "subnet-0bbfa1475ed50a36a",
            "timeouts": null
          },
          "sensitive_attributes": [],
          "identity_schema_version": 0,
          "private": "eyJlMmJmYjczMC1lY2FhLTExZTYtOGY4OC0zNDM2M2JjN2M0YzAiOnsiY3JlYXRlIjozMDAwMDAwMDAwMDAsImRlbGV0ZSI6MzAwMDAwMDAwMDAwLCJ1cGRhdGUiOjEyMDAwMDAwMDAwMH19",
          "dependencies": [
            "aws_internet_gateway.this",
            "aws_route_table.public",
            "aws_subnet.public_a",
            "aws_vpc.this"
          ]
        }
      ]
    },
    {
      "mode": "managed",
      "type": "aws_route_table_association",
      "name": "public_b",
      "provider": "provider[\"registry.terraform.io/hashicorp/aws\"]",
      "instances": [
        {
          "schema_version": 0,
          "attributes": {
            "gateway_id": "",
            "id": "rtbassoc-06aa71488d1b3f8c7",
            "route_table_id": "rtb-052cfe63b549b6e5f",
            "subnet_id": "subnet-0820860e231d8b61c",
            "timeouts": null
          },
          "sensitive_attributes": [],
          "identity_schema_version": 0,
          "private": "eyJlMmJmYjczMC1lY2FhLTExZTYtOGY4OC0zNDM2M2JjN2M0YzAiOnsiY3JlYXRlIjozMDAwMDAwMDAwMDAsImRlbGV0ZSI6MzAwMDAwMDAwMDAwLCJ1cGRhdGUiOjEyMDAwMDAwMDAwMH19",
          "dependencies": [
            "aws_internet_gateway.this",
            "aws_route_table.public",
            "aws_subnet.public_b",
            "aws_vpc.this"
          ]
        }
      ]
    },
    {
      "mode": "managed",
      "type": "aws_security_group",
      "name": "alb",
      "provider": "provider[\"registry.terraform.io/hashicorp/aws\"]",
      "instances": [
        {
          "schema_version": 1,
          "attributes": {
            "arn": "arn:aws:ec2:ap-northeast-2:481665130730:security-group/sg-0e22fb78566e6864a",
            "description": "ALB: HTTP/HTTPS inbound from Internet",
            "egress": [
              {
                "cidr_blocks": [
                  "0.0.0.0/0"
                ],
                "description": "",
                "from_port": 0,
                "ipv6_cidr_blocks": [],
                "prefix_list_ids": [],
                "protocol": "-1",
                "security_groups": [],
                "self": false,
                "to_port": 0
              }
            ],
            "id": "sg-0e22fb78566e6864a",
            "ingress": [
              {
                "cidr_blocks": [
                  "0.0.0.0/0"
                ],
                "description": "HTTP",
                "from_port": 80,
                "ipv6_cidr_blocks": [],
                "prefix_list_ids": [],
                "protocol": "tcp",
                "security_groups": [],
                "self": false,
                "to_port": 80
              },
              {
                "cidr_blocks": [
                  "0.0.0.0/0"
                ],
                "description": "HTTPS",
                "from_port": 443,
                "ipv6_cidr_blocks": [],
                "prefix_list_ids": [],
                "protocol": "tcp",
                "security_groups": [],
                "self": false,
                "to_port": 443
              }
            ],
            "name": "acme-prod-alb-sg",
            "name_prefix": "",
            "owner_id": "481665130730",
            "revoke_rules_on_delete": false,
            "tags": {
              "Environment": "prod",
              "ManagedBy": "Terraform",
              "Name": "acme-prod-alb-sg",
              "Owner": "ACME-Team",
              "Project": "acme"
            },
            "tags_all": {
              "Environment": "prod",
              "ManagedBy": "Terraform",
              "Name": "acme-prod-alb-sg",
              "Owner": "ACME-Team",
              "Project": "acme"
            },
            "timeouts": null,
            "vpc_id": "vpc-0e16c73d0a76d6a6d"
          },
          "sensitive_attributes": [],
          "identity_schema_version": 0,
          "private": "eyJlMmJmYjczMC1lY2FhLTExZTYtOGY4OC0zNDM2M2JjN2M0YzAiOnsiY3JlYXRlIjo2MDAwMDAwMDAwMDAsImRlbGV0ZSI6OTAwMDAwMDAwMDAwfSwic2NoZW1hX3ZlcnNpb24iOiIxIn0=",
          "dependencies": [
            "aws_vpc.this"
          ],
          "create_before_destroy": true
        }
      ]
    },
    {
      "mode": "managed",
      "type": "aws_security_group",
      "name": "web",
      "provider": "provider[\"registry.terraform.io/hashicorp/aws\"]",
      "instances": [
        {
          "schema_version": 1,
          "attributes": {
            "arn": "arn:aws:ec2:ap-northeast-2:481665130730:security-group/sg-0ab6c47413db10ec4",
            "description": "Web servers: app port from ALB, SSH from VPC",
            "egress": [
              {
                "cidr_blocks": [
                  "0.0.0.0/0"
                ],
                "description": "",
                "from_port": 0,
                "ipv6_cidr_blocks": [],
                "prefix_list_ids": [],
                "protocol": "-1",
                "security_groups": [],
                "self": false,
                "to_port": 0
              }
            ],
            "id": "sg-0ab6c47413db10ec4",
            "ingress": [
              {
                "cidr_blocks": [
                  "10.0.0.0/16"
                ],
                "description": "SSH from VPC",
                "from_port": 22,
                "ipv6_cidr_blocks": [],
                "prefix_list_ids": [],
                "protocol": "tcp",
                "security_groups": [],
                "self": false,
                "to_port": 22
              },
              {
                "cidr_blocks": [],
                "description": "App port from ALB",
                "from_port": 3001,
                "ipv6_cidr_blocks": [],
                "prefix_list_ids": [],
                "protocol": "tcp",
                "security_groups": [
                  "sg-0e22fb78566e6864a"
                ],
                "self": false,
                "to_port": 3001
              }
            ],
            "name": "acme-prod-web-sg",
            "name_prefix": "",
            "owner_id": "481665130730",
            "revoke_rules_on_delete": false,
            "tags": {
              "Environment": "prod",
              "ManagedBy": "Terraform",
              "Name": "acme-prod-web-sg",
              "Owner": "ACME-Team",
              "Project": "acme"
            },
            "tags_all": {
              "Environment": "prod",
              "ManagedBy": "Terraform",
              "Name": "acme-prod-web-sg",
              "Owner": "ACME-Team",
              "Project": "acme"
            },
            "timeouts": null,
            "vpc_id": "vpc-0e16c73d0a76d6a6d"
          },
          "sensitive_attributes": [],
          "identity_schema_version": 0,
          "private": "eyJlMmJmYjczMC1lY2FhLTExZTYtOGY4OC0zNDM2M2JjN2M0YzAiOnsiY3JlYXRlIjo2MDAwMDAwMDAwMDAsImRlbGV0ZSI6OTAwMDAwMDAwMDAwfSwic2NoZW1hX3ZlcnNpb24iOiIxIn0=",
          "dependencies": [
            "aws_security_group.alb",
            "aws_vpc.this"
          ],
          "create_before_destroy": true
        }
      ]
    },
    {
      "mode": "managed",
      "type": "aws_subnet",
      "name": "private",
      "provider": "provider[\"registry.terraform.io/hashicorp/aws\"]",
      "instances": [
        {
          "schema_version": 1,
          "attributes": {
            "arn": "arn:aws:ec2:ap-northeast-2:481665130730:subnet/subnet-0725a90b7100de97f",
            "assign_ipv6_address_on_creation": false,
            "availability_zone": "ap-northeast-2a",
            "availability_zone_id": "apne2-az1",
            "cidr_block": "10.0.2.0/24",
            "customer_owned_ipv4_pool": "",
            "enable_dns64": false,
            "enable_lni_at_device_index": 0,
            "enable_resource_name_dns_a_record_on_launch": false,
            "enable_resource_name_dns_aaaa_record_on_launch": false,
            "id": "subnet-0725a90b7100de97f",
            "ipv6_cidr_block": "",
            "ipv6_cidr_block_association_id": "",
            "ipv6_native": false,
            "map_customer_owned_ip_on_launch": false,
            "map_public_ip_on_launch": false,
            "outpost_arn": "",
            "owner_id": "481665130730",
            "private_dns_hostname_type_on_launch": "ip-name",
            "tags": {
              "Environment": "prod",
              "ManagedBy": "Terraform",
              "Name": "acme-prod-private-subnet",
              "Owner": "ACME-Team",
              "Project": "acme"
            },
            "tags_all": {
              "Environment": "prod",
              "ManagedBy": "Terraform",
              "Name": "acme-prod-private-subnet",
              "Owner": "ACME-Team",
              "Project": "acme"
            },
            "timeouts": null,
            "vpc_id": "vpc-0e16c73d0a76d6a6d"
          },
          "sensitive_attributes": [],
          "identity_schema_version": 0,
          "private": "eyJlMmJmYjczMC1lY2FhLTExZTYtOGY4OC0zNDM2M2JjN2M0YzAiOnsiY3JlYXRlIjo2MDAwMDAwMDAwMDAsImRlbGV0ZSI6MTIwMDAwMDAwMDAwMH0sInNjaGVtYV92ZXJzaW9uIjoiMSJ9",
          "dependencies": [
            "aws_vpc.this"
          ]
        }
      ]
    },
    {
      "mode": "managed",
      "type": "aws_subnet",
      "name": "public_a",
      "provider": "provider[\"registry.terraform.io/hashicorp/aws\"]",
      "instances": [
        {
          "schema_version": 1,
          "attributes": {
            "arn": "arn:aws:ec2:ap-northeast-2:481665130730:subnet/subnet-0bbfa1475ed50a36a",
            "assign_ipv6_address_on_creation": false,
            "availability_zone": "ap-northeast-2a",
            "availability_zone_id": "apne2-az1",
            "cidr_block": "10.0.1.0/24",
            "customer_owned_ipv4_pool": "",
            "enable_dns64": false,
            "enable_lni_at_device_index": 0,
            "enable_resource_name_dns_a_record_on_launch": false,
            "enable_resource_name_dns_aaaa_record_on_launch": false,
            "id": "subnet-0bbfa1475ed50a36a",
            "ipv6_cidr_block": "",
            "ipv6_cidr_block_association_id": "",
            "ipv6_native": false,
            "map_customer_owned_ip_on_launch": false,
            "map_public_ip_on_launch": true,
            "outpost_arn": "",
            "owner_id": "481665130730",
            "private_dns_hostname_type_on_launch": "ip-name",
            "tags": {
              "Environment": "prod",
              "ManagedBy": "Terraform",
              "Name": "acme-prod-public-subnet-a",
              "Owner": "ACME-Team",
              "Project": "acme"
            },
            "tags_all": {
              "Environment": "prod",
              "ManagedBy": "Terraform",
              "Name": "acme-prod-public-subnet-a",
              "Owner": "ACME-Team",
              "Project": "acme"
            },
            "timeouts": null,
            "vpc_id": "vpc-0e16c73d0a76d6a6d"
          },
          "sensitive_attributes": [],
          "identity_schema_version": 0,
          "private": "eyJlMmJmYjczMC1lY2FhLTExZTYtOGY4OC0zNDM2M2JjN2M0YzAiOnsiY3JlYXRlIjo2MDAwMDAwMDAwMDAsImRlbGV0ZSI6MTIwMDAwMDAwMDAwMH0sInNjaGVtYV92ZXJzaW9uIjoiMSJ9",
          "dependencies": [
            "aws_vpc.this"
          ],
          "create_before_destroy": true
        }
      ]
    },
    {
      "mode": "managed",
      "type": "aws_subnet",
      "name": "public_b",
      "provider": "provider[\"registry.terraform.io/hashicorp/aws\"]",
      "instances": [
        {
          "schema_version": 1,
          "attributes": {
            "arn": "arn:aws:ec2:ap-northeast-2:481665130730:subnet/subnet-0820860e231d8b61c",
            "assign_ipv6_address_on_creation": false,
            "availability_zone": "ap-northeast-2c",
            "availability_zone_id": "apne2-az3",
            "cidr_block": "10.0.3.0/24",
            "customer_owned_ipv4_pool": "",
            "enable_dns64": false,
            "enable_lni_at_device_index": 0,
            "enable_resource_name_dns_a_record_on_launch": false,
            "enable_resource_name_dns_aaaa_record_on_launch": false,
            "id": "subnet-0820860e231d8b61c",
            "ipv6_cidr_block": "",
            "ipv6_cidr_block_association_id": "",
            "ipv6_native": false,
            "map_customer_owned_ip_on_launch": false,
            "map_public_ip_on_launch": true,
            "outpost_arn": "",
            "owner_id": "481665130730",
            "private_dns_hostname_type_on_launch": "ip-name",
            "tags": {
              "Environment": "prod",
              "ManagedBy": "Terraform",
              "Name": "acme-prod-public-subnet-b",
              "Owner": "ACME-Team",
              "Project": "acme"
            },
            "tags_all": {
              "Environment": "prod",
              "ManagedBy": "Terraform",
              "Name": "acme-prod-public-subnet-b",
              "Owner": "ACME-Team",
              "Project": "acme"
            },
            "timeouts": null,
            "vpc_id": "vpc-0e16c73d0a76d6a6d"
          },
          "sensitive_attributes": [],
          "identity_schema_version": 0,
          "private": "eyJlMmJmYjczMC1lY2FhLTExZTYtOGY4OC0zNDM2M2JjN2M0YzAiOnsiY3JlYXRlIjo2MDAwMDAwMDAwMDAsImRlbGV0ZSI6MTIwMDAwMDAwMDAwMH0sInNjaGVtYV92ZXJzaW9uIjoiMSJ9",
          "dependencies": [
            "aws_vpc.this"
          ],
          "create_before_destroy": true
        }
      ]
    },
    {
      "mode": "managed",
      "type": "aws_vpc",
      "name": "this",
      "provider": "provider[\"registry.terraform.io/hashicorp/aws\"]",
      "instances": [
        {
          "schema_version": 1,
          "attributes": {
            "arn": "arn:aws:ec2:ap-northeast-2:481665130730:vpc/vpc-0e16c73d0a76d6a6d",
            "assign_generated_ipv6_cidr_block": false,
            "cidr_block": "10.0.0.0/16",
            "default_network_acl_id": "acl-04469f9466e899594",
            "default_route_table_id": "rtb-0e36435b44d3933a9",
            "default_security_group_id": "sg-0f3023701a468a1da",
            "dhcp_options_id": "dopt-0885865dd64f7bf2d",
            "enable_dns_hostnames": true,
            "enable_dns_support": true,
            "enable_network_address_usage_metrics": false,
            "id": "vpc-0e16c73d0a76d6a6d",
            "instance_tenancy": "default",
            "ipv4_ipam_pool_id": null,
            "ipv4_netmask_length": null,
            "ipv6_association_id": "",
            "ipv6_cidr_block": "",
            "ipv6_cidr_block_network_border_group": "",
            "ipv6_ipam_pool_id": "",
            "ipv6_netmask_length": 0,
            "main_route_table_id": "rtb-0e36435b44d3933a9",
            "owner_id": "481665130730",
            "tags": {
              "Environment": "prod",
              "ManagedBy": "Terraform",
              "Name": "acme-prod-vpc",
              "Owner": "ACME-Team",
              "Project": "acme"
            },
            "tags_all": {
              "Environment": "prod",
              "ManagedBy": "Terraform",
              "Name": "acme-prod-vpc",
              "Owner": "ACME-Team",
              "Project": "acme"
            }
          },
          "sensitive_attributes": [],
          "identity_schema_version": 0,
          "private": "eyJzY2hlbWFfdmVyc2lvbiI6IjEifQ==",
          "create_before_destroy": true
        }
      ]
    }
  ],
  "check_results": null
}
